
Microsoft Visual Studio Solution File, Format Version 12.00
# Visual Studio Version 17
VisualStudioVersion = 17.7.34024.191
MinimumVisualStudioVersion = 10.0.40219.1
Project("{9A19103F-16F7-4668-BE54-9A1E7A4F7556}") = "CongestionTaxCalculator.Api", "CongestionTaxCalculator.Api\CongestionTaxCalculator.Api.csproj", "{5262963C-D40F-4230-A794-7C2A68EBC24F}"
EndProject
Project("{9A19103F-16F7-4668-BE54-9A1E7A4F7556}") = "CongestionTaxCalculator.Service", "CongestionTaxCalculator.Service\CongestionTaxCalculator.Service.csproj", "{3C742117-4E74-4D00-B6BB-1C5FEE0C6773}"
EndProject
Project("{9A19103F-16F7-4668-BE54-9A1E7A4F7556}") = "CongestionTaxCalculator.Core", "CongestionTaxCalculator.Core\CongestionTaxCalculator.Core.csproj", "{C5ACFEE4-0409-4A1B-B159-749598397263}"
EndProject
Project("{9A19103F-16F7-4668-BE54-9A1E7A4F7556}") = "CongestionTaxCalculator.Infrastructure", "CongestionTaxCalculator.Infrastructure\CongestionTaxCalculator.Infrastructure.csproj", "{C7D1634C-3401-4784-B90D-6449D301CFF6}"
EndProject
Project("{FAE04EC0-301F-11D3-BF4B-00C04F79EFBC}") = "CongestionTaxCalculator.Core.UnitTest", "CongestionTaxCalculator.Core.UnitTest\CongestionTaxCalculator.Core.UnitTest.csproj", "{076878A5-69C9-4134-9E19-1FFC10649423}"
EndProject
Project("{FAE04EC0-301F-11D3-BF4B-00C04F79EFBC}") = "CongestionTaxCalculator.Service.UnitTest", "CongestionTaxCalculator.Service.UnitTest\CongestionTaxCalculator.Service.UnitTest.csproj", "{E1EE5EEC-6D2D-4DFC-9FE9-59C6FAEF4118}"
EndProject
Global
	GlobalSection(SolutionConfigurationPlatforms) = preSolution
		Debug|Any CPU = Debug|Any CPU
		Release|Any CPU = Release|Any CPU
	EndGlobalSection
	GlobalSection(ProjectConfigurationPlatforms) = postSolution
		{5262963C-D40F-4230-A794-7C2A68EBC24F}.Debug|Any CPU.ActiveCfg = Debug|Any CPU
		{5262963C-D40F-4230-A794-7C2A68EBC24F}.Debug|Any CPU.Build.0 = Debug|Any CPU
		{5262963C-D40F-4230-A794-7C2A68EBC24F}.Release|Any CPU.ActiveCfg = Release|Any CPU
		{5262963C-D40F-4230-A794-7C2A68EBC24F}.Release|Any CPU.Build.0 = Release|Any CPU
		{3C742117-4E74-4D00-B6BB-1C5FEE0C6773}.Debug|Any CPU.ActiveCfg = Debug|Any CPU
		{3C742117-4E74-4D00-B6BB-1C5FEE0C6773}.Debug|Any CPU.Build.0 = Debug|Any CPU
		{3C742117-4E74-4D00-B6BB-1C5FEE0C6773}.Release|Any CPU.ActiveCfg = Release|Any CPU
		{3C742117-4E74-4D00-B6BB-1C5FEE0C6773}.Release|Any CPU.Build.0 = Release|Any CPU
		{C5ACFEE4-0409-4A1B-B159-749598397263}.Debug|Any CPU.ActiveCfg = Debug|Any CPU
		{C5ACFEE4-0409-4A1B-B159-749598397263}.Debug|Any CPU.Build.0 = Debug|Any CPU
		{C5ACFEE4-0409-4A1B-B159-749598397263}.Release|Any CPU.ActiveCfg = Release|Any CPU
		{C5ACFEE4-0409-4A1B-B159-749598397263}.Release|Any CPU.Build.0 = Release|Any CPU
		{C7D1634C-3401-4784-B90D-6449D301CFF6}.Debug|Any CPU.ActiveCfg = Debug|Any CPU
		{C7D1634C-3401-4784-B90D-6449D301CFF6}.Debug|Any CPU.Build.0 = Debug|Any CPU
		{C7D1634C-3401-4784-B90D-6449D301CFF6}.Release|Any CPU.ActiveCfg = Release|Any CPU
		{C7D1634C-3401-4784-B90D-6449D301CFF6}.Release|Any CPU.Build.0 = Release|Any CPU
		{076878A5-69C9-4134-9E19-1FFC10649423}.Debug|Any CPU.ActiveCfg = Debug|Any CPU
		{076878A5-69C9-4134-9E19-1FFC10649423}.Debug|Any CPU.Build.0 = Debug|Any CPU
		{076878A5-69C9-4134-9E19-1FFC10649423}.Release|Any CPU.ActiveCfg = Release|Any CPU
		{076878A5-69C9-4134-9E19-1FFC10649423}.Release|Any CPU.Build.0 = Release|Any CPU
		{E1EE5EEC-6D2D-4DFC-9FE9-59C6FAEF4118}.Debug|Any CPU.ActiveCfg = Debug|Any CPU
		{E1EE5EEC-6D2D-4DFC-9FE9-59C6FAEF4118}.Debug|Any CPU.Build.0 = Debug|Any CPU
		{E1EE5EEC-6D2D-4DFC-9FE9-59C6FAEF4118}.Release|Any CPU.ActiveCfg = Release|Any CPU
		{E1EE5EEC-6D2D-4DFC-9FE9-59C6FAEF4118}.Release|Any CPU.Build.0 = Release|Any CPU
	EndGlobalSection
	GlobalSection(SolutionProperties) = preSolution
		HideSolutionNode = FALSE
	EndGlobalSection
	GlobalSection(ExtensibilityGlobals) = postSolution
		SolutionGuid = {5253619E-FC5B-4B31-90A7-0E22E1B04A5F}
	EndGlobalSection
EndGlobal
